<?xml version="1.0" encoding="utf-8"?>
<Project ToolsVersion="4.0" xmlns="http://schemas.microsoft.com/developer/msbuild/2003">
  <ItemGroup>
    <ClCompile Include="Main.cpp">
      <Filter>Source Files</Filter>
    </ClCompile>
    <ClCompile Include="SerialStatistics.cpp">
      <Filter>Source Files</Filter>
    </ClCompile>
    <ClCompile Include="StationData.cpp">
      <Filter>Source Files</Filter>
    </ClCompile>
    <ClCompile Include="ParallelStatistics.cpp">
      <Filter>Source Files</Filter>
    </ClCompile>
  </ItemGroup>
  <ItemGroup>
    <ClInclude Include="OpenCLUtils.h">
      <Filter>Header Files</Filter>
    </ClInclude>
    <ClInclude Include="SerialStatistics.h">
      <Filter>Header Files</Filter>
    </ClInclude>
    <ClInclude Include="Menu.h">
      <Filter>Header Files</Filter>
    </ClInclude>
    <ClInclude Include="StationData.h">
      <Filter>Header Files</Filter>
    </ClInclude>
    <ClInclude Include="Sort.h">
      <Filter>Header Files</Filter>
    </ClInclude>
    <ClInclude Include="SerialOperation.h">
      <Filter>Header Files</Filter>
    </ClInclude>
    <ClInclude Include="ParallelOperation.h">
      <Filter>Header Files</Filter>
    </ClInclude>
    <ClInclude Include="ParallelStatistics.h">
      <Filter>Header Files</Filter>
    </ClInclude>
  </ItemGroup>
  <ItemGroup>
    <Filter Include="Header Files">
      <UniqueIdentifier>{60cd39b3-5038-4268-816a-b2f68356d2e6}</UniqueIdentifier>
    </Filter>
    <Filter Include="Data">
      <UniqueIdentifier>{a24b7f82-3594-47ca-a05b-7aeef148e5fb}</UniqueIdentifier>
    </Filter>
    <Filter Include="OpenCL">
      <UniqueIdentifier>{f176b119-8505-488b-803a-fe387f6afd53}</UniqueIdentifier>
    </Filter>
    <Filter Include="Source Files">
      <UniqueIdentifier>{f4f4e0a4-69be-4b6c-ba03-7daf2c3489c0}</UniqueIdentifier>
    </Filter>
  </ItemGroup>
  <ItemGroup>
    <None Include="my_kernels.cl">
      <Filter>OpenCL</Filter>
    </None>
  </ItemGroup>
  <ItemGroup>
    <Text Include="china_temp_short.txt">
      <Filter>Data</Filter>
    </Text>
    <Text Include="china_temp_large.txt">
      <Filter>Data</Filter>
    </Text>
  </ItemGroup>
</Project>